{
  "name": "react-boilerplate",
  "version": "3.5.0",
  "lockfileVersion": 1,
  "requires": true,
  "dependencies": {
    "amdefine": {
      "version": "1.0.1",
      "resolved": "https://registry.npmjs.org/amdefine/-/amdefine-1.0.1.tgz",
      "integrity": "sha1-SlKCrBZHKek2Gbz9OtFR+BfOkfU="
    },
    "containers": {
      "version": "0.0.1",
      "resolved": "https://registry.npmjs.org/containers/-/containers-0.0.1.tgz",
      "integrity": "sha1-S8wh508Sh+RrFuMu15RxpqQrkac=",
      "requires": {
        "amdefine": "1.0.1",
        "lodash": "2.4.2"
      },
      "dependencies": {
        "lodash": {
          "version": "2.4.2",
          "resolved": "https://registry.npmjs.org/lodash/-/lodash-2.4.2.tgz",
          "integrity": "sha1-+t2DS5aDBz2hebPq5tnA0VBT9z4="
        }
      }
    }
  }
}
